
Microsoft Visual Studio Solution File, Format Version 12.00
# Visual Studio Version 16
VisualStudioVersion = 16.0.31729.503
MinimumVisualStudioVersion = 10.0.40219.1
Project("{FAE04EC0-301F-11D3-BF4B-00C04F79EFBC}") = "Addition", "Addition\Addition.csproj", "{206B688F-C789-4DEA-9BDD-1B3F1A8BC708}"
EndProject
Project("{FAE04EC0-301F-11D3-BF4B-00C04F79EFBC}") = "Task_1", "Task_1\Task_1.csproj", "{A098F249-7B1E-4A91-933A-13FD4A12DDB4}"
EndProject
Project("{FAE04EC0-301F-11D3-BF4B-00C04F79EFBC}") = "Task_2", "Task_2\Task_2.csproj", "{0713B274-1AF1-4F4B-9ACC-E01FA46593A2}"
EndProject
Global
	GlobalSection(SolutionConfigurationPlatforms) = preSolution
		Debug|Any CPU = Debug|Any CPU
		Release|Any CPU = Release|Any CPU
	EndGlobalSection
	GlobalSection(ProjectConfigurationPlatforms) = postSolution
		{206B688F-C789-4DEA-9BDD-1B3F1A8BC708}.Debug|Any CPU.ActiveCfg = Debug|Any CPU
		{206B688F-C789-4DEA-9BDD-1B3F1A8BC708}.Debug|Any CPU.Build.0 = Debug|Any CPU
		{206B688F-C789-4DEA-9BDD-1B3F1A8BC708}.Release|Any CPU.ActiveCfg = Release|Any CPU
		{206B688F-C789-4DEA-9BDD-1B3F1A8BC708}.Release|Any CPU.Build.0 = Release|Any CPU
		{A098F249-7B1E-4A91-933A-13FD4A12DDB4}.Debug|Any CPU.ActiveCfg = Debug|Any CPU
		{A098F249-7B1E-4A91-933A-13FD4A12DDB4}.Debug|Any CPU.Build.0 = Debug|Any CPU
		{A098F249-7B1E-4A91-933A-13FD4A12DDB4}.Release|Any CPU.ActiveCfg = Release|Any CPU
		{A098F249-7B1E-4A91-933A-13FD4A12DDB4}.Release|Any CPU.Build.0 = Release|Any CPU
		{0713B274-1AF1-4F4B-9ACC-E01FA46593A2}.Debug|Any CPU.ActiveCfg = Debug|Any CPU
		{0713B274-1AF1-4F4B-9ACC-E01FA46593A2}.Debug|Any CPU.Build.0 = Debug|Any CPU
		{0713B274-1AF1-4F4B-9ACC-E01FA46593A2}.Release|Any CPU.ActiveCfg = Release|Any CPU
		{0713B274-1AF1-4F4B-9ACC-E01FA46593A2}.Release|Any CPU.Build.0 = Release|Any CPU
	EndGlobalSection
	GlobalSection(SolutionProperties) = preSolution
		HideSolutionNode = FALSE
	EndGlobalSection
	GlobalSection(ExtensibilityGlobals) = postSolution
		SolutionGuid = {4E2DA1F1-EBB3-47B3-828D-80CD92691409}
	EndGlobalSection
EndGlobal
